
Microsoft Visual Studio Solution File, Format Version 12.00
# Visual Studio 14
VisualStudioVersion = 14.0.25420.1
MinimumVisualStudioVersion = 10.0.40219.1
Project("{8BC9CEB8-8B4A-11D0-8D11-00A0C91BC942}") = "LowDiscrepancy", "LowDiscrepancy.vcxproj", "{2F376D8F-D0DE-4618-AA70-31A5F40A70AC}"
EndProject
Global
	GlobalSection(SolutionConfigurationPlatforms) = preSolution
		Debug|x64 = Debug|x64
		Debug|x86 = Debug|x86
		Release|x64 = Release|x64
		Release|x86 = Release|x86
	EndGlobalSection
	GlobalSection(ProjectConfigurationPlatforms) = postSolution
		{2F376D8F-D0DE-4618-AA70-31A5F40A70AC}.Debug|x64.ActiveCfg = Debug|x64
		{2F376D8F-D0DE-4618-AA70-31A5F40A70AC}.Debug|x64.Build.0 = Debug|x64
		{2F376D8F-D0DE-4618-AA70-31A5F40A70AC}.Debug|x86.ActiveCfg = Debug|Win32
		{2F376D8F-D0DE-4618-AA70-31A5F40A70AC}.Debug|x86.Build.0 = Debug|Win32
		{2F376D8F-D0DE-4618-AA70-31A5F40A70AC}.Release|x64.ActiveCfg = Release|x64
		{2F376D8F-D0DE-4618-AA70-31A5F40A70AC}.Release|x64.Build.0 = Release|x64
		{2F376D8F-D0DE-4618-AA70-31A5F40A70AC}.Release|x86.ActiveCfg = Release|Win32
		{2F376D8F-D0DE-4618-AA70-31A5F40A70AC}.Release|x86.Build.0 = Release|Win32
	EndGlobalSection
	GlobalSection(SolutionProperties) = preSolution
		HideSolutionNode = FALSE
	EndGlobalSection
EndGlobal
